
Microsoft Visual Studio Solution File, Format Version 12.00
# Visual Studio Version 16
VisualStudioVersion = 16.0.32630.194
MinimumVisualStudioVersion = 10.0.40219.1
Project("{FAE04EC0-301F-11D3-BF4B-00C04F79EFBC}") = "Parcial 2", "Parcial 2\Parcial 2.csproj", "{986FFFA5-2360-404B-A11F-0D696B023C47}"
EndProject
Global
	GlobalSection(SolutionConfigurationPlatforms) = preSolution
		Debug|Any CPU = Debug|Any CPU
		Release|Any CPU = Release|Any CPU
	EndGlobalSection
	GlobalSection(ProjectConfigurationPlatforms) = postSolution
		{986FFFA5-2360-404B-A11F-0D696B023C47}.Debug|Any CPU.ActiveCfg = Debug|Any CPU
		{986FFFA5-2360-404B-A11F-0D696B023C47}.Debug|Any CPU.Build.0 = Debug|Any CPU
		{986FFFA5-2360-404B-A11F-0D696B023C47}.Release|Any CPU.ActiveCfg = Release|Any CPU
		{986FFFA5-2360-404B-A11F-0D696B023C47}.Release|Any CPU.Build.0 = Release|Any CPU
	EndGlobalSection
	GlobalSection(SolutionProperties) = preSolution
		HideSolutionNode = FALSE
	EndGlobalSection
	GlobalSection(ExtensibilityGlobals) = postSolution
		SolutionGuid = {A51E44BA-7B64-4D38-92AE-6F74C0DDABD4}
	EndGlobalSection
EndGlobal
